
Microsoft Visual Studio Solution File, Format Version 12.00
# Visual Studio Version 17
VisualStudioVersion = 17.7.33711.374
MinimumVisualStudioVersion = 10.0.40219.1
Project("{FAE04EC0-301F-11D3-BF4B-00C04F79EFBC}") = "EmmaDoesMath", "EmmaDoesMath\EmmaDoesMath.csproj", "{69082D0A-3EB7-4020-B253-EDF6F69168E6}"
EndProject
Global
	GlobalSection(SolutionConfigurationPlatforms) = preSolution
		Debug|Any CPU = Debug|Any CPU
		Release|Any CPU = Release|Any CPU
	EndGlobalSection
	GlobalSection(ProjectConfigurationPlatforms) = postSolution
		{69082D0A-3EB7-4020-B253-EDF6F69168E6}.Debug|Any CPU.ActiveCfg = Debug|Any CPU
		{69082D0A-3EB7-4020-B253-EDF6F69168E6}.Debug|Any CPU.Build.0 = Debug|Any CPU
		{69082D0A-3EB7-4020-B253-EDF6F69168E6}.Release|Any CPU.ActiveCfg = Release|Any CPU
		{69082D0A-3EB7-4020-B253-EDF6F69168E6}.Release|Any CPU.Build.0 = Release|Any CPU
	EndGlobalSection
	GlobalSection(SolutionProperties) = preSolution
		HideSolutionNode = FALSE
	EndGlobalSection
	GlobalSection(ExtensibilityGlobals) = postSolution
		SolutionGuid = {44A2E16E-1AA0-44FB-9D7F-44A8529C5677}
	EndGlobalSection
EndGlobal
